
Microsoft Visual Studio Solution File, Format Version 12.00
# Visual Studio Version 16
VisualStudioVersion = 16.0.30011.22
MinimumVisualStudioVersion = 15.0.26124.0
Project("{9A19103F-16F7-4668-BE54-9A1E7A4F7556}") = "EventStreamingService.Source", "EventStreamingService.Source\EventStreamingService.Source.csproj", "{35247999-0968-4098-8911-AD1A1A31F4EB}"
EndProject
Project("{9A19103F-16F7-4668-BE54-9A1E7A4F7556}") = "EventStreamingService.Bus", "EventStreamingService.Bus\EventStreamingService.Bus.csproj", "{D6E56468-65B6-44A0-A5EF-9091D1C7BFAE}"
EndProject
Project("{9A19103F-16F7-4668-BE54-9A1E7A4F7556}") = "EventStreamingService.Core", "EventStreamingService.Core\EventStreamingService.Core.csproj", "{26F0BD81-8B9E-46AC-BEAE-17D48AFF3D8A}"
EndProject
Project("{9A19103F-16F7-4668-BE54-9A1E7A4F7556}") = "EventStreamingService.DAL", "EventStreamingService.DAL\EventStreamingService.DAL.csproj", "{470BB98A-12D9-4067-A3EE-51CAC46F75DC}"
EndProject
Project("{9A19103F-16F7-4668-BE54-9A1E7A4F7556}") = "EventStreamingService.SubscribeApi", "EventStreamingService.SubscribeApi\EventStreamingService.SubscribeApi.csproj", "{FEDEA852-726A-4F11-9723-C0479121E62B}"
EndProject
Project("{FAE04EC0-301F-11D3-BF4B-00C04F79EFBC}") = "EventStreamingService.Client", "EventStreamingService.Client\EventStreamingService.Client.csproj", "{9EE26236-BA42-4BB8-A559-EC0047EC5D72}"
EndProject
Project("{FAE04EC0-301F-11D3-BF4B-00C04F79EFBC}") = "EventStreamingService.Testing", "EventStreamingService.Testing\EventStreamingService.Testing.csproj", "{3A37A757-430E-44BF-BE4B-ED66EC40063A}"
EndProject
Global
	GlobalSection(SolutionConfigurationPlatforms) = preSolution
		Debug|Any CPU = Debug|Any CPU
		Debug|x64 = Debug|x64
		Debug|x86 = Debug|x86
		Release|Any CPU = Release|Any CPU
		Release|x64 = Release|x64
		Release|x86 = Release|x86
	EndGlobalSection
	GlobalSection(ProjectConfigurationPlatforms) = postSolution
		{35247999-0968-4098-8911-AD1A1A31F4EB}.Debug|Any CPU.ActiveCfg = Debug|Any CPU
		{35247999-0968-4098-8911-AD1A1A31F4EB}.Debug|Any CPU.Build.0 = Debug|Any CPU
		{35247999-0968-4098-8911-AD1A1A31F4EB}.Debug|x64.ActiveCfg = Debug|Any CPU
		{35247999-0968-4098-8911-AD1A1A31F4EB}.Debug|x64.Build.0 = Debug|Any CPU
		{35247999-0968-4098-8911-AD1A1A31F4EB}.Debug|x86.ActiveCfg = Debug|Any CPU
		{35247999-0968-4098-8911-AD1A1A31F4EB}.Debug|x86.Build.0 = Debug|Any CPU
		{35247999-0968-4098-8911-AD1A1A31F4EB}.Release|Any CPU.ActiveCfg = Release|Any CPU
		{35247999-0968-4098-8911-AD1A1A31F4EB}.Release|Any CPU.Build.0 = Release|Any CPU
		{35247999-0968-4098-8911-AD1A1A31F4EB}.Release|x64.ActiveCfg = Release|Any CPU
		{35247999-0968-4098-8911-AD1A1A31F4EB}.Release|x64.Build.0 = Release|Any CPU
		{35247999-0968-4098-8911-AD1A1A31F4EB}.Release|x86.ActiveCfg = Release|Any CPU
		{35247999-0968-4098-8911-AD1A1A31F4EB}.Release|x86.Build.0 = Release|Any CPU
		{D6E56468-65B6-44A0-A5EF-9091D1C7BFAE}.Debug|Any CPU.ActiveCfg = Debug|Any CPU
		{D6E56468-65B6-44A0-A5EF-9091D1C7BFAE}.Debug|Any CPU.Build.0 = Debug|Any CPU
		{D6E56468-65B6-44A0-A5EF-9091D1C7BFAE}.Debug|x64.ActiveCfg = Debug|Any CPU
		{D6E56468-65B6-44A0-A5EF-9091D1C7BFAE}.Debug|x64.Build.0 = Debug|Any CPU
		{D6E56468-65B6-44A0-A5EF-9091D1C7BFAE}.Debug|x86.ActiveCfg = Debug|Any CPU
		{D6E56468-65B6-44A0-A5EF-9091D1C7BFAE}.Debug|x86.Build.0 = Debug|Any CPU
		{D6E56468-65B6-44A0-A5EF-9091D1C7BFAE}.Release|Any CPU.ActiveCfg = Release|Any CPU
		{D6E56468-65B6-44A0-A5EF-9091D1C7BFAE}.Release|Any CPU.Build.0 = Release|Any CPU
		{D6E56468-65B6-44A0-A5EF-9091D1C7BFAE}.Release|x64.ActiveCfg = Release|Any CPU
		{D6E56468-65B6-44A0-A5EF-9091D1C7BFAE}.Release|x64.Build.0 = Release|Any CPU
		{D6E56468-65B6-44A0-A5EF-9091D1C7BFAE}.Release|x86.ActiveCfg = Release|Any CPU
		{D6E56468-65B6-44A0-A5EF-9091D1C7BFAE}.Release|x86.Build.0 = Release|Any CPU
		{26F0BD81-8B9E-46AC-BEAE-17D48AFF3D8A}.Debug|Any CPU.ActiveCfg = Debug|Any CPU
		{26F0BD81-8B9E-46AC-BEAE-17D48AFF3D8A}.Debug|Any CPU.Build.0 = Debug|Any CPU
		{26F0BD81-8B9E-46AC-BEAE-17D48AFF3D8A}.Debug|x64.ActiveCfg = Debug|Any CPU
		{26F0BD81-8B9E-46AC-BEAE-17D48AFF3D8A}.Debug|x64.Build.0 = Debug|Any CPU
		{26F0BD81-8B9E-46AC-BEAE-17D48AFF3D8A}.Debug|x86.ActiveCfg = Debug|Any CPU
		{26F0BD81-8B9E-46AC-BEAE-17D48AFF3D8A}.Debug|x86.Build.0 = Debug|Any CPU
		{26F0BD81-8B9E-46AC-BEAE-17D48AFF3D8A}.Release|Any CPU.ActiveCfg = Release|Any CPU
		{26F0BD81-8B9E-46AC-BEAE-17D48AFF3D8A}.Release|Any CPU.Build.0 = Release|Any CPU
		{26F0BD81-8B9E-46AC-BEAE-17D48AFF3D8A}.Release|x64.ActiveCfg = Release|Any CPU
		{26F0BD81-8B9E-46AC-BEAE-17D48AFF3D8A}.Release|x64.Build.0 = Release|Any CPU
		{26F0BD81-8B9E-46AC-BEAE-17D48AFF3D8A}.Release|x86.ActiveCfg = Release|Any CPU
		{26F0BD81-8B9E-46AC-BEAE-17D48AFF3D8A}.Release|x86.Build.0 = Release|Any CPU
		{470BB98A-12D9-4067-A3EE-51CAC46F75DC}.Debug|Any CPU.ActiveCfg = Debug|Any CPU
		{470BB98A-12D9-4067-A3EE-51CAC46F75DC}.Debug|Any CPU.Build.0 = Debug|Any CPU
		{470BB98A-12D9-4067-A3EE-51CAC46F75DC}.Debug|x64.ActiveCfg = Debug|Any CPU
		{470BB98A-12D9-4067-A3EE-51CAC46F75DC}.Debug|x64.Build.0 = Debug|Any CPU
		{470BB98A-12D9-4067-A3EE-51CAC46F75DC}.Debug|x86.ActiveCfg = Debug|Any CPU
		{470BB98A-12D9-4067-A3EE-51CAC46F75DC}.Debug|x86.Build.0 = Debug|Any CPU
		{470BB98A-12D9-4067-A3EE-51CAC46F75DC}.Release|Any CPU.ActiveCfg = Release|Any CPU
		{470BB98A-12D9-4067-A3EE-51CAC46F75DC}.Release|Any CPU.Build.0 = Release|Any CPU
		{470BB98A-12D9-4067-A3EE-51CAC46F75DC}.Release|x64.ActiveCfg = Release|Any CPU
		{470BB98A-12D9-4067-A3EE-51CAC46F75DC}.Release|x64.Build.0 = Release|Any CPU
		{470BB98A-12D9-4067-A3EE-51CAC46F75DC}.Release|x86.ActiveCfg = Release|Any CPU
		{470BB98A-12D9-4067-A3EE-51CAC46F75DC}.Release|x86.Build.0 = Release|Any CPU
		{FEDEA852-726A-4F11-9723-C0479121E62B}.Debug|Any CPU.ActiveCfg = Debug|Any CPU
		{FEDEA852-726A-4F11-9723-C0479121E62B}.Debug|Any CPU.Build.0 = Debug|Any CPU
		{FEDEA852-726A-4F11-9723-C0479121E62B}.Debug|x64.ActiveCfg = Debug|Any CPU
		{FEDEA852-726A-4F11-9723-C0479121E62B}.Debug|x64.Build.0 = Debug|Any CPU
		{FEDEA852-726A-4F11-9723-C0479121E62B}.Debug|x86.ActiveCfg = Debug|Any CPU
		{FEDEA852-726A-4F11-9723-C0479121E62B}.Debug|x86.Build.0 = Debug|Any CPU
		{FEDEA852-726A-4F11-9723-C0479121E62B}.Release|Any CPU.ActiveCfg = Release|Any CPU
		{FEDEA852-726A-4F11-9723-C0479121E62B}.Release|Any CPU.Build.0 = Release|Any CPU
		{FEDEA852-726A-4F11-9723-C0479121E62B}.Release|x64.ActiveCfg = Release|Any CPU
		{FEDEA852-726A-4F11-9723-C0479121E62B}.Release|x64.Build.0 = Release|Any CPU
		{FEDEA852-726A-4F11-9723-C0479121E62B}.Release|x86.ActiveCfg = Release|Any CPU
		{FEDEA852-726A-4F11-9723-C0479121E62B}.Release|x86.Build.0 = Release|Any CPU
		{9EE26236-BA42-4BB8-A559-EC0047EC5D72}.Debug|Any CPU.ActiveCfg = Debug|Any CPU
		{9EE26236-BA42-4BB8-A559-EC0047EC5D72}.Debug|Any CPU.Build.0 = Debug|Any CPU
		{9EE26236-BA42-4BB8-A559-EC0047EC5D72}.Debug|x64.ActiveCfg = Debug|Any CPU
		{9EE26236-BA42-4BB8-A559-EC0047EC5D72}.Debug|x64.Build.0 = Debug|Any CPU
		{9EE26236-BA42-4BB8-A559-EC0047EC5D72}.Debug|x86.ActiveCfg = Debug|Any CPU
		{9EE26236-BA42-4BB8-A559-EC0047EC5D72}.Debug|x86.Build.0 = Debug|Any CPU
		{9EE26236-BA42-4BB8-A559-EC0047EC5D72}.Release|Any CPU.ActiveCfg = Release|Any CPU
		{9EE26236-BA42-4BB8-A559-EC0047EC5D72}.Release|Any CPU.Build.0 = Release|Any CPU
		{9EE26236-BA42-4BB8-A559-EC0047EC5D72}.Release|x64.ActiveCfg = Release|Any CPU
		{9EE26236-BA42-4BB8-A559-EC0047EC5D72}.Release|x64.Build.0 = Release|Any CPU
		{9EE26236-BA42-4BB8-A559-EC0047EC5D72}.Release|x86.ActiveCfg = Release|Any CPU
		{9EE26236-BA42-4BB8-A559-EC0047EC5D72}.Release|x86.Build.0 = Release|Any CPU
		{3A37A757-430E-44BF-BE4B-ED66EC40063A}.Debug|Any CPU.ActiveCfg = Debug|Any CPU
		{3A37A757-430E-44BF-BE4B-ED66EC40063A}.Debug|Any CPU.Build.0 = Debug|Any CPU
		{3A37A757-430E-44BF-BE4B-ED66EC40063A}.Debug|x64.ActiveCfg = Debug|Any CPU
		{3A37A757-430E-44BF-BE4B-ED66EC40063A}.Debug|x64.Build.0 = Debug|Any CPU
		{3A37A757-430E-44BF-BE4B-ED66EC40063A}.Debug|x86.ActiveCfg = Debug|Any CPU
		{3A37A757-430E-44BF-BE4B-ED66EC40063A}.Debug|x86.Build.0 = Debug|Any CPU
		{3A37A757-430E-44BF-BE4B-ED66EC40063A}.Release|Any CPU.ActiveCfg = Release|Any CPU
		{3A37A757-430E-44BF-BE4B-ED66EC40063A}.Release|Any CPU.Build.0 = Release|Any CPU
		{3A37A757-430E-44BF-BE4B-ED66EC40063A}.Release|x64.ActiveCfg = Release|Any CPU
		{3A37A757-430E-44BF-BE4B-ED66EC40063A}.Release|x64.Build.0 = Release|Any CPU
		{3A37A757-430E-44BF-BE4B-ED66EC40063A}.Release|x86.ActiveCfg = Release|Any CPU
		{3A37A757-430E-44BF-BE4B-ED66EC40063A}.Release|x86.Build.0 = Release|Any CPU
	EndGlobalSection
	GlobalSection(SolutionProperties) = preSolution
		HideSolutionNode = FALSE
	EndGlobalSection
	GlobalSection(ExtensibilityGlobals) = postSolution
		SolutionGuid = {68BC1011-01DE-4283-9813-8573C6DA10BE}
	EndGlobalSection
EndGlobal
